
Microsoft Visual Studio Solution File, Format Version 12.00
# Visual Studio Version 17
VisualStudioVersion = 17.0.32014.148
MinimumVisualStudioVersion = 10.0.40219.1
Project("{FAE04EC0-301F-11D3-BF4B-00C04F79EFBC}") = "teste_4", "teste_4\teste_4.csproj", "{1248EDF5-E283-4B35-AFB8-57C6F7AAF82E}"
EndProject
Global
	GlobalSection(SolutionConfigurationPlatforms) = preSolution
		Debug|Any CPU = Debug|Any CPU
		Release|Any CPU = Release|Any CPU
	EndGlobalSection
	GlobalSection(ProjectConfigurationPlatforms) = postSolution
		{1248EDF5-E283-4B35-AFB8-57C6F7AAF82E}.Debug|Any CPU.ActiveCfg = Debug|Any CPU
		{1248EDF5-E283-4B35-AFB8-57C6F7AAF82E}.Debug|Any CPU.Build.0 = Debug|Any CPU
		{1248EDF5-E283-4B35-AFB8-57C6F7AAF82E}.Release|Any CPU.ActiveCfg = Release|Any CPU
		{1248EDF5-E283-4B35-AFB8-57C6F7AAF82E}.Release|Any CPU.Build.0 = Release|Any CPU
	EndGlobalSection
	GlobalSection(SolutionProperties) = preSolution
		HideSolutionNode = FALSE
	EndGlobalSection
	GlobalSection(ExtensibilityGlobals) = postSolution
		SolutionGuid = {898D9167-5C25-4797-9472-82B69A168EB0}
	EndGlobalSection
EndGlobal
