
Microsoft Visual Studio Solution File, Format Version 12.00
# Visual Studio Version 17
VisualStudioVersion = 17.0.32014.148
MinimumVisualStudioVersion = 10.0.40219.1
Project("{FAE04EC0-301F-11D3-BF4B-00C04F79EFBC}") = "teste_2", "teste_2\teste_2.csproj", "{42596141-7B05-4F60-9979-0DE1EF0796A2}"
EndProject
Global
	GlobalSection(SolutionConfigurationPlatforms) = preSolution
		Debug|Any CPU = Debug|Any CPU
		Release|Any CPU = Release|Any CPU
	EndGlobalSection
	GlobalSection(ProjectConfigurationPlatforms) = postSolution
		{42596141-7B05-4F60-9979-0DE1EF0796A2}.Debug|Any CPU.ActiveCfg = Debug|Any CPU
		{42596141-7B05-4F60-9979-0DE1EF0796A2}.Debug|Any CPU.Build.0 = Debug|Any CPU
		{42596141-7B05-4F60-9979-0DE1EF0796A2}.Release|Any CPU.ActiveCfg = Release|Any CPU
		{42596141-7B05-4F60-9979-0DE1EF0796A2}.Release|Any CPU.Build.0 = Release|Any CPU
	EndGlobalSection
	GlobalSection(SolutionProperties) = preSolution
		HideSolutionNode = FALSE
	EndGlobalSection
	GlobalSection(ExtensibilityGlobals) = postSolution
		SolutionGuid = {1881AA11-C36C-4ED3-A923-49C6854E3F63}
	EndGlobalSection
EndGlobal
