
Microsoft Visual Studio Solution File, Format Version 12.00
# Visual Studio Version 17
VisualStudioVersion = 17.0.32014.148
MinimumVisualStudioVersion = 10.0.40219.1
Project("{FAE04EC0-301F-11D3-BF4B-00C04F79EFBC}") = "teste_5", "teste_5\teste_5.csproj", "{3FDDF921-8CBB-4523-9288-C7FD8B2F3568}"
EndProject
Global
	GlobalSection(SolutionConfigurationPlatforms) = preSolution
		Debug|Any CPU = Debug|Any CPU
		Release|Any CPU = Release|Any CPU
	EndGlobalSection
	GlobalSection(ProjectConfigurationPlatforms) = postSolution
		{3FDDF921-8CBB-4523-9288-C7FD8B2F3568}.Debug|Any CPU.ActiveCfg = Debug|Any CPU
		{3FDDF921-8CBB-4523-9288-C7FD8B2F3568}.Debug|Any CPU.Build.0 = Debug|Any CPU
		{3FDDF921-8CBB-4523-9288-C7FD8B2F3568}.Release|Any CPU.ActiveCfg = Release|Any CPU
		{3FDDF921-8CBB-4523-9288-C7FD8B2F3568}.Release|Any CPU.Build.0 = Release|Any CPU
	EndGlobalSection
	GlobalSection(SolutionProperties) = preSolution
		HideSolutionNode = FALSE
	EndGlobalSection
	GlobalSection(ExtensibilityGlobals) = postSolution
		SolutionGuid = {595B7AB7-0FDA-49C5-8CA3-95FB78669ED6}
	EndGlobalSection
EndGlobal
